{
  "nodes": {
    "custom-nixpkgs": {
      "locked": {
        "lastModified": 1673268556,
        "narHash": "sha256-UXUJ+xDIpQGaZpGGYCjB+qz6t/JPYIw3AR/4SdI7scg=",
        "owner": "josqu4red",
        "repo": "nixpkgs",
        "rev": "799547ee20b781134b9c05904d3f4580577c9599",
        "type": "github"
      },
      "original": {
        "owner": "josqu4red",
        "ref": "master",
        "repo": "nixpkgs",
        "type": "github"
      }
    },
    "home-manager": {
      "inputs": {
        "nixpkgs": [
          "nixpkgs"
        ],
        "utils": "utils"
      },
      "locked": {
        "lastModified": 1674556204,
        "narHash": "sha256-HCRmkZsq01h2Evch08zpgE9jeHdMtGdT1okWotyvuhY=",
        "owner": "nix-community",
        "repo": "home-manager",
        "rev": "c59f0eac51da91c6989fd13a68e156f63c0e60b6",
        "type": "github"
      },
      "original": {
        "owner": "nix-community",
        "ref": "master",
        "repo": "home-manager",
        "type": "github"
      }
    },
    "nixos-hardware": {
      "locked": {
        "lastModified": 1674550793,
        "narHash": "sha256-ljJlIFQZwtBbzWqWTmmw2O5BFmQf1A/DspwMOQtGXHk=",
        "owner": "NixOS",
        "repo": "nixos-hardware",
        "rev": "b7ac0a56029e4f9e6743b9993037a5aaafd57103",
        "type": "github"
      },
      "original": {
        "owner": "NixOS",
        "repo": "nixos-hardware",
        "type": "github"
      }
    },
    "nixpkgs": {
      "locked": {
        "lastModified": 1674641431,
        "narHash": "sha256-qfo19qVZBP4qn5M5gXc/h1MDgAtPA5VxJm9s8RUAkVk=",
        "owner": "NixOS",
        "repo": "nixpkgs",
        "rev": "9b97ad7b4330aacda9b2343396eb3df8a853b4fc",
        "type": "github"
      },
      "original": {
        "id": "nixpkgs",
        "ref": "nixos-unstable",
        "type": "indirect"
      }
    },
    "root": {
      "inputs": {
        "custom-nixpkgs": "custom-nixpkgs",
        "home-manager": "home-manager",
        "nixos-hardware": "nixos-hardware",
        "nixpkgs": "nixpkgs"
      }
    },
    "utils": {
      "locked": {
        "lastModified": 1667395993,
        "narHash": "sha256-nuEHfE/LcWyuSWnS8t12N1wc105Qtau+/OdUAjtQ0rA=",
        "owner": "numtide",
        "repo": "flake-utils",
        "rev": "5aed5285a952e0b949eb3ba02c12fa4fcfef535f",
        "type": "github"
      },
      "original": {
        "owner": "numtide",
        "repo": "flake-utils",
        "type": "github"
      }
    }
  },
  "root": "root",
  "version": 7
}
